
Microsoft Visual Studio Solution File, Format Version 12.00
# Visual Studio Version 17
VisualStudioVersion = 17.14.36310.24 d17.14
MinimumVisualStudioVersion = 10.0.40219.1
Project("{FAE04EC0-301F-11D3-BF4B-00C04F79EFBC}") = "WebApplication1", "WebApplication1.csproj", "{D8A4D376-F348-47C7-9AB9-010583151700}"
EndProject
Global
	GlobalSection(SolutionConfigurationPlatforms) = preSolution
		Debug|Any CPU = Debug|Any CPU
		Release|Any CPU = Release|Any CPU
	EndGlobalSection
	GlobalSection(ProjectConfigurationPlatforms) = postSolution
		{D8A4D376-F348-47C7-9AB9-010583151700}.Debug|Any CPU.ActiveCfg = Debug|Any CPU
		{D8A4D376-F348-47C7-9AB9-010583151700}.Debug|Any CPU.Build.0 = Debug|Any CPU
		{D8A4D376-F348-47C7-9AB9-010583151700}.Release|Any CPU.ActiveCfg = Release|Any CPU
		{D8A4D376-F348-47C7-9AB9-010583151700}.Release|Any CPU.Build.0 = Release|Any CPU
	EndGlobalSection
	GlobalSection(SolutionProperties) = preSolution
		HideSolutionNode = FALSE
	EndGlobalSection
	GlobalSection(ExtensibilityGlobals) = postSolution
		SolutionGuid = {8EE0A2E5-2EB4-4408-A60E-70ABEB86A8AD}
	EndGlobalSection
EndGlobal
